
Microsoft Visual Studio Solution File, Format Version 12.00
# Visual Studio Version 16
VisualStudioVersion = 16.0.33214.272
MinimumVisualStudioVersion = 10.0.40219.1
Project("{FAE04EC0-301F-11D3-BF4B-00C04F79EFBC}") = "Element011", "Element011.csproj", "{5ED0BF08-31B3-407B-8DA0-52192BFA1B42}"
EndProject
Global
	GlobalSection(SolutionConfigurationPlatforms) = preSolution
		Debug|Any CPU = Debug|Any CPU
		Release|Any CPU = Release|Any CPU
	EndGlobalSection
	GlobalSection(ProjectConfigurationPlatforms) = postSolution
		{5ED0BF08-31B3-407B-8DA0-52192BFA1B42}.Debug|Any CPU.ActiveCfg = Debug|Any CPU
		{5ED0BF08-31B3-407B-8DA0-52192BFA1B42}.Debug|Any CPU.Build.0 = Debug|Any CPU
		{5ED0BF08-31B3-407B-8DA0-52192BFA1B42}.Release|Any CPU.ActiveCfg = Release|Any CPU
		{5ED0BF08-31B3-407B-8DA0-52192BFA1B42}.Release|Any CPU.Build.0 = Release|Any CPU
	EndGlobalSection
	GlobalSection(SolutionProperties) = preSolution
		HideSolutionNode = FALSE
	EndGlobalSection
	GlobalSection(ExtensibilityGlobals) = postSolution
		SolutionGuid = {938A99CE-D698-4D96-B6D9-76D253E37EE1}
	EndGlobalSection
EndGlobal
